
Microsoft Visual Studio Solution File, Format Version 12.00
# Visual Studio 15
VisualStudioVersion = 15.0.28307.1433
MinimumVisualStudioVersion = 10.0.40219.1
Project("{FAE04EC0-301F-11D3-BF4B-00C04F79EFBC}") = "15_NguyenThanhNhan_04", "15_NguyenThanhNhan_04\15_NguyenThanhNhan_04.csproj", "{BA1CEF55-2A6D-4758-961C-FEBFAC1A7926}"
EndProject
Global
	GlobalSection(SolutionConfigurationPlatforms) = preSolution
		Debug|Any CPU = Debug|Any CPU
		Release|Any CPU = Release|Any CPU
	EndGlobalSection
	GlobalSection(ProjectConfigurationPlatforms) = postSolution
		{BA1CEF55-2A6D-4758-961C-FEBFAC1A7926}.Debug|Any CPU.ActiveCfg = Debug|Any CPU
		{BA1CEF55-2A6D-4758-961C-FEBFAC1A7926}.Debug|Any CPU.Build.0 = Debug|Any CPU
		{BA1CEF55-2A6D-4758-961C-FEBFAC1A7926}.Release|Any CPU.ActiveCfg = Release|Any CPU
		{BA1CEF55-2A6D-4758-961C-FEBFAC1A7926}.Release|Any CPU.Build.0 = Release|Any CPU
	EndGlobalSection
	GlobalSection(SolutionProperties) = preSolution
		HideSolutionNode = FALSE
	EndGlobalSection
	GlobalSection(ExtensibilityGlobals) = postSolution
		SolutionGuid = {CD24DB04-89B3-43A9-8E1D-3BF8D9988CBE}
	EndGlobalSection
EndGlobal
